{
    "_meta": {
        "hash": {
            "sha256": "9226477912279a02e0e69e8709c08a5f5a9e65dd85e27811d9bfeee22d7bf640"
        },
        "host-environment-markers": {
            "implementation_name": "cpython",
            "implementation_version": "0",
            "os_name": "posix",
            "platform_machine": "x86_64",
            "platform_python_implementation": "CPython",
            "platform_release": "4.15.0-gentoo",
            "platform_system": "Linux",
            "platform_version": "#1 SMP Fri Feb 2 00:58:52 CET 2018",
            "python_full_version": "2.7.14",
            "python_version": "2.7",
            "sys_platform": "linux2"
        },
        "pipfile-spec": 6,
        "requires": {
            "python_version": "2.7"
        },
        "sources": [
            {
                "name": "pypi",
                "url": "https://pypi.python.org/simple",
                "verify_ssl": true
            }
        ]
    },
    "default": {
        "boto": {
            "hashes": [
                "sha256:13be844158d1bd80a94c972c806ec8381b9ea72035aa06123c5db6bc6a6f3ead",
                "sha256:deb8925b734b109679e3de65856018996338758f4b916ff4fe7bb62b6d7000d1"
            ],
            "version": "==2.48.0"
        },
        "pika": {
            "hashes": [
                "sha256:15f485eb68ec56b5a2673c01d518d16f7c371809ca42c72a2da42d4d8190fa4f",
                "sha256:ded1cf12810f909099a3a698cc5adf495b73fd2da1d8f669f8b267664653122d"
            ],
            "version": "==0.11.2"
        }
    },
    "develop": {}
}
